%{
  "bimap": {:hex, :bimap, "1.1.1", "783a5f31423ffd608040985de1fc9bc17bd73c813fe79f3b3576ff574ad81d1c", [:mix], [], "hexpm", "861b630d470934ad4c5063ed795f865409473c41d80d9b897ae07f11049045ab"},
  "bunch": {:hex, :bunch, "1.3.2", "9a3647e8bf8859482206c554d907b13d60aa8e40a3b82057a34bf71c0e23a0ae", [:mix], [], "hexpm", "dd89f2df6e6284c06cf9c44be5aae622f2a5a0804098167a0cb5370542c8c22b"},
  "bunch_native": {:hex, :bunch_native, "0.5.0", "8ac1536789a597599c10b652e0b526d8833348c19e4739a0759a2bedfd924e63", [:mix], [{:bundlex, "~> 1.0", [hex: :bundlex, repo: "hexpm", optional: false]}], "hexpm", "24190c760e32b23b36edeb2dc4852515c7c5b3b8675b1a864e0715bdd1c8f80d"},
  "bundlex": {:hex, :bundlex, "1.0.0", "358c26a6c027359c6935dcd0716b68736b7604599d376c4e1ac17c6618ef6771", [:mix], [{:bunch, "~> 1.0", [hex: :bunch, repo: "hexpm", optional: false]}, {:qex, "~> 0.5", [hex: :qex, repo: "hexpm", optional: false]}, {:secure_random, "~> 0.5", [hex: :secure_random, repo: "hexpm", optional: false]}], "hexpm", "09b4a0c597a31e6e7ce8e103b94f19539bb2279f5966a3d6d46dcd32a5b6fd44"},
  "castore": {:hex, :castore, "0.1.18", "deb5b9ab02400561b6f5708f3e7660fc35ca2d51bfc6a940d2f513f89c2975fc", [:mix], [], "hexpm", "61bbaf6452b782ef80b33cdb45701afbcf0a918a45ebe7e73f1130d661e66a06"},
  "coerce": {:hex, :coerce, "1.0.1", "211c27386315dc2894ac11bc1f413a0e38505d808153367bd5c6e75a4003d096", [:mix], [], "hexpm", "b44a691700f7a1a15b4b7e2ff1fa30bebd669929ac8aa43cffe9e2f8bf051cf1"},
  "cowboy": {:hex, :cowboy, "2.9.0", "865dd8b6607e14cf03282e10e934023a1bd8be6f6bacf921a7e2a96d800cd452", [:make, :rebar3], [{:cowlib, "2.11.0", [hex: :cowlib, repo: "hexpm", optional: false]}, {:ranch, "1.8.0", [hex: :ranch, repo: "hexpm", optional: false]}], "hexpm", "2c729f934b4e1aa149aff882f57c6372c15399a20d54f65c8d67bef583021bde"},
  "cowboy_telemetry": {:hex, :cowboy_telemetry, "0.4.0", "f239f68b588efa7707abce16a84d0d2acf3a0f50571f8bb7f56a15865aae820c", [:rebar3], [{:cowboy, "~> 2.7", [hex: :cowboy, repo: "hexpm", optional: false]}, {:telemetry, "~> 1.0", [hex: :telemetry, repo: "hexpm", optional: false]}], "hexpm", "7d98bac1ee4565d31b62d59f8823dfd8356a169e7fcbb83831b8a5397404c9de"},
  "cowlib": {:hex, :cowlib, "2.11.0", "0b9ff9c346629256c42ebe1eeb769a83c6cb771a6ee5960bd110ab0b9b872063", [:make, :rebar3], [], "hexpm", "2b3e9da0b21c4565751a6d4901c20d1b4cc25cbb7fd50d91d2ab6dd287bc86a9"},
  "ex_dtls": {:hex, :ex_dtls, "0.11.1", "1c4d9e235cd17f688e99b8359da45d132ad52ec91d18d0bac4d3d741cc35f7b8", [:mix], [{:unifex, "~> 1.0", [hex: :unifex, repo: "hexpm", optional: false]}], "hexpm", "249443c51aea5e9560f791cf023d0454533a7ea3efe70b3cb3956d7871147295"},
  "ex_libsrtp": {:hex, :ex_libsrtp, "0.4.0", "c30898f11e3069826c813ae7dee293fa59dfb633251e203be77c4ca2c223ed2c", [:mix], [{:bunch, "~> 1.3", [hex: :bunch, repo: "hexpm", optional: false]}, {:unifex, "~> 1.0", [hex: :unifex, repo: "hexpm", optional: false]}], "hexpm", "a5d25860db0030cdbf0bd50d467180426f57d597a841bc03e6730e3c12107137"},
  "ex_sdp": {:hex, :ex_sdp, "0.7.2", "8f1cf440953afb2f17f9934d03524ea2644e9308ff1eab71b9f4ca3d8b623387", [:mix], [{:bunch, "~> 1.3", [hex: :bunch, repo: "hexpm", optional: false]}, {:uuid, "~> 1.1", [hex: :uuid, repo: "hexpm", optional: false]}], "hexpm", "b0e26d3fb1766d85fab4b5eeb635f9bf98a3adf6c6e27bce32ef4167404869dd"},
  "fake_turn": {:hex, :fake_turn, "0.2.3", "ecf579e8e596d372cfe1c6cd71c161e1dc2822959fe82e4b2cd09abfe21bf38f", [:rebar3], [{:fast_tls, "1.1.13", [hex: :fast_tls, repo: "hexpm", optional: false]}, {:p1_utils, "1.0.23", [hex: :p1_utils, repo: "hexpm", optional: false]}], "hexpm", "da1fff260fe65f0d5a38db0ff76456a864f35c5f2174b4bd61a047e32c3a9684"},
  "fast_tls": {:hex, :fast_tls, "1.1.13", "828cdc75e1e8fce8158846d2b971d8b4fe2b2ddcc75b759e88d751079bf78afd", [:rebar3], [{:p1_utils, "1.0.23", [hex: :p1_utils, repo: "hexpm", optional: false]}], "hexpm", "d1f422af40c7777fe534496f508ee86515cb929ad10f7d1d56aa94ce899b44a0"},
  "gettext": {:hex, :gettext, "0.20.0", "75ad71de05f2ef56991dbae224d35c68b098dd0e26918def5bb45591d5c8d429", [:mix], [], "hexpm", "1c03b177435e93a47441d7f681a7040bd2a816ece9e2666d1c9001035121eb3d"},
  "heap": {:hex, :heap, "2.0.2", "d98cb178286cfeb5edbcf17785e2d20af73ca57b5a2cf4af584118afbcf917eb", [:mix], [], "hexpm", "ba9ea2fe99eb4bcbd9a8a28eaf71cbcac449ca1d8e71731596aace9028c9d429"},
  "jason": {:hex, :jason, "1.4.0", "e855647bc964a44e2f67df589ccf49105ae039d4179db7f6271dfd3843dc27e6", [:mix], [{:decimal, "~> 1.0 or ~> 2.0", [hex: :decimal, repo: "hexpm", optional: true]}], "hexpm", "79a3791085b2a0f743ca04cec0f7be26443738779d09302e01318f97bdb82121"},
  "libcluster": {:hex, :libcluster, "3.3.1", "e7a4875cd1290cee7a693d6bd46076863e9e433708b01339783de6eff5b7f0aa", [:mix], [{:jason, "~> 1.1", [hex: :jason, repo: "hexpm", optional: false]}], "hexpm", "b575ca63c1cd84e01f3fa0fc45e6eb945c1ee7ae8d441d33def999075e9e5398"},
  "membrane_common_c": {:hex, :membrane_common_c, "0.13.0", "c314623f93209eb2fa092379954c686f6e50ac89baa48360f836d24f4d53f5ee", [:mix], [{:membrane_core, "~> 0.10.0", [hex: :membrane_core, repo: "hexpm", optional: false]}, {:shmex, "~> 0.5.0", [hex: :shmex, repo: "hexpm", optional: false]}, {:unifex, "~> 1.0", [hex: :unifex, repo: "hexpm", optional: false]}], "hexpm", "90181fbbe481ccd0a4a76daf0300f8ad1b5b0bf0ebd8b42c133904f8839663ca"},
  "membrane_core": {:hex, :membrane_core, "0.10.2", "d2d17039f6df746e4a3c47da32f51867fbafe528272cdd9b226d16b1032bc337", [:mix], [{:bunch, "~> 1.3", [hex: :bunch, repo: "hexpm", optional: false]}, {:qex, "~> 0.3", [hex: :qex, repo: "hexpm", optional: false]}, {:ratio, "~> 2.0", [hex: :ratio, repo: "hexpm", optional: false]}, {:telemetry, "~> 1.0", [hex: :telemetry, repo: "hexpm", optional: false]}], "hexpm", "6a4f290f919ada66c772807d64d5830be2962b7c13a2f2bc9ace416a1cd19ee1"},
  "membrane_file_plugin": {:hex, :membrane_file_plugin, "0.12.0", "eb940e7a2f2abf30e048bd0b7c2bef9c17c18aa58875b9a833c0bc7e7b1fd709", [:mix], [{:membrane_core, "~> 0.10.0", [hex: :membrane_core, repo: "hexpm", optional: false]}], "hexpm", "281b9bf9467beead3f973adce55b9844bc4206bb3f3f60f0db8320a4af4fc5ca"},
  "membrane_funnel_plugin": {:hex, :membrane_funnel_plugin, "0.6.0", "9304062f458a56cb7fc3d7246f30fe90e25c0643801e432731555120c6396c86", [:mix], [{:membrane_core, "~> 0.10.0", [hex: :membrane_core, repo: "hexpm", optional: false]}], "hexpm", "4af002ecb070371de0d2f8ce6713ca81f6005ba4ae1df6a3fcc813a9cf2f348c"},
  "membrane_h264_ffmpeg_plugin": {:hex, :membrane_h264_ffmpeg_plugin, "0.21.6", "b0c1f360629013f7d17b1d3337f4d616ff1279e9baa30afff61983616caff174", [:mix], [{:bunch, "~> 1.3.0", [hex: :bunch, repo: "hexpm", optional: false]}, {:membrane_common_c, "~> 0.13.0", [hex: :membrane_common_c, repo: "hexpm", optional: false]}, {:membrane_core, "~> 0.10.0", [hex: :membrane_core, repo: "hexpm", optional: false]}, {:membrane_h264_format, "~> 0.3.0", [hex: :membrane_h264_format, repo: "hexpm", optional: false]}, {:membrane_raw_video_format, "~> 0.2.0", [hex: :membrane_raw_video_format, repo: "hexpm", optional: false]}, {:ratio, "~> 2.4.0", [hex: :ratio, repo: "hexpm", optional: false]}, {:unifex, "~> 1.0", [hex: :unifex, repo: "hexpm", optional: false]}], "hexpm", "1248931142e97c7864b63e2c5b011414916ab19f2e1bd3d766c0ddd01dda1599"},
  "membrane_h264_format": {:hex, :membrane_h264_format, "0.3.0", "84426aac86c3f4d3e8110438c3514ad94aa528e7002650d40e3b3862e2af5e3e", [:mix], [], "hexpm", "8254e52cea3c5d7c078c960a32f1ba338eeae9e301515302fd293f1683fa8dd9"},
  "membrane_ice_plugin": {:hex, :membrane_ice_plugin, "0.13.0", "d01bccdb53a7a8b096824cdeafb3c080adfee9aed2fd2abb93ff047cb5873c4b", [:mix], [{:bunch, "~> 1.3.0", [hex: :bunch, repo: "hexpm", optional: false]}, {:ex_dtls, "~> 0.11.0", [hex: :ex_dtls, repo: "hexpm", optional: false]}, {:fake_turn, "~> 0.2.0", [hex: :fake_turn, repo: "hexpm", optional: false]}, {:membrane_core, "~> 0.10.0", [hex: :membrane_core, repo: "hexpm", optional: false]}, {:membrane_funnel_plugin, "~> 0.6.0", [hex: :membrane_funnel_plugin, repo: "hexpm", optional: false]}, {:membrane_opentelemetry, "~> 0.1.0", [hex: :membrane_opentelemetry, repo: "hexpm", optional: false]}, {:membrane_rtp_format, "~> 0.5.0", [hex: :membrane_rtp_format, repo: "hexpm", optional: false]}, {:membrane_telemetry_metrics, "~> 0.1.0", [hex: :membrane_telemetry_metrics, repo: "hexpm", optional: false]}], "hexpm", "d310552a6021ae02b383f886e027f5fe8791b09d386b90c4d18997e222eb82b1"},
  "membrane_opentelemetry": {:hex, :membrane_opentelemetry, "0.1.0", "af774bc5b9bad3a822e9a26d8530819b0291b569a282c65a7dd51cc498e6e9cd", [:mix], [{:opentelemetry_api, "~> 1.0.0", [hex: :opentelemetry_api, repo: "hexpm", optional: false]}], "hexpm", "2e4072a5f14eb95514701e242a7667a7178dfc6afd313d4643ec0726391c243b"},
  "membrane_opus_format": {:hex, :membrane_opus_format, "0.3.0", "3804d9916058b7cfa2baa0131a644d8186198d64f52d592ae09e0942513cb4c2", [:mix], [], "hexpm", "8fc89c97be50de23ded15f2050fe603dcce732566fe6fdd15a2de01cb6b81afe"},
  "membrane_raw_video_format": {:hex, :membrane_raw_video_format, "0.2.0", "cda8eb207cf65c93690a19001aba3edbb2ba5d22abc8068a1f6a785ba871e8cf", [:mix], [], "hexpm", "6b716fc24f60834323637c95aaaa0f99be23fcc6a84a21af70195ef50185b634"},
  "membrane_rtc_engine": {:git, "https://github.com/membraneframework/membrane_rtc_engine.git", "748663ec5f4d3b8a442dd653b5c9be235272edcd", []},
  "membrane_rtp_format": {:hex, :membrane_rtp_format, "0.5.0", "1b6930453be836bcc48ff71daeea76ac969cb726c0afda7203ddbbd76ca2db37", [:mix], [{:membrane_core, "~> 0.10.0", [hex: :membrane_core, repo: "hexpm", optional: false]}], "hexpm", "cd4d5c0389b154523d42781e492617e5d02a11af0f11163008f434a9f6179d5a"},
  "membrane_rtp_h264_plugin": {:hex, :membrane_rtp_h264_plugin, "0.13.0", "39c5cbe86471336e8d5cfae0f50d1e1b219b38af908f81d7971efe48c51dfd72", [:mix], [{:bunch, "~> 1.3", [hex: :bunch, repo: "hexpm", optional: false]}, {:membrane_core, "~> 0.10.0", [hex: :membrane_core, repo: "hexpm", optional: false]}, {:membrane_h264_format, "~> 0.3.0", [hex: :membrane_h264_format, repo: "hexpm", optional: false]}, {:membrane_rtp_format, "0.5.0", [hex: :membrane_rtp_format, repo: "hexpm", optional: false]}], "hexpm", "ace81e2783bc63ce54b1375ceb5c2e9c28114f6d03bfad8545b10a88403d1a47"},
  "membrane_rtp_opus_plugin": {:hex, :membrane_rtp_opus_plugin, "0.6.0", "3cb0e7f255567160077a6f8cb5ec4d9193aded19b83561a8a9d9c64a9594f55c", [:mix], [{:membrane_core, "~> 0.10.0", [hex: :membrane_core, repo: "hexpm", optional: false]}, {:membrane_opus_format, "~> 0.3.0", [hex: :membrane_opus_format, repo: "hexpm", optional: false]}, {:membrane_rtp_format, "~> 0.5.0", [hex: :membrane_rtp_format, repo: "hexpm", optional: false]}], "hexpm", "66c54bd9b041dade42c847c0184c633503cf2b829de1ebbf6cacabf4b5e7e9b0"},
  "membrane_rtp_plugin": {:hex, :membrane_rtp_plugin, "0.15.0-rc.1", "bd0bb11640bcd1797d680cca3b67ed7a38063964657c5ee355fbafd0dd31e788", [:mix], [{:bimap, "~> 1.1.0", [hex: :bimap, repo: "hexpm", optional: false]}, {:bunch, "~> 1.0", [hex: :bunch, repo: "hexpm", optional: false]}, {:ex_libsrtp, "~> 0.4.0", [hex: :ex_libsrtp, repo: "hexpm", optional: true]}, {:heap, "~> 2.0.2", [hex: :heap, repo: "hexpm", optional: false]}, {:membrane_core, "~> 0.10.0", [hex: :membrane_core, repo: "hexpm", optional: false]}, {:membrane_rtp_format, "~> 0.5.0", [hex: :membrane_rtp_format, repo: "hexpm", optional: false]}, {:membrane_telemetry_metrics, "~> 0.1.0", [hex: :membrane_telemetry_metrics, repo: "hexpm", optional: false]}, {:qex, "~> 0.5.1", [hex: :qex, repo: "hexpm", optional: false]}], "hexpm", "addd2cb88da343aad1fb5c9b242a032042a32bdb5c14d281de746654ed5ecca4"},
  "membrane_rtp_vp8_plugin": {:hex, :membrane_rtp_vp8_plugin, "0.6.1", "3c198fcb7c3e4a6a7cd1ed33608cb5aeafeb739d044943211e8e52a9700a7094", [:mix], [{:membrane_core, "~> 0.10.0", [hex: :membrane_core, repo: "hexpm", optional: false]}, {:membrane_rtp_format, "~> 0.5.0", [hex: :membrane_rtp_format, repo: "hexpm", optional: false]}, {:membrane_vp8_format, "~> 0.4.0", [hex: :membrane_vp8_format, repo: "hexpm", optional: false]}], "hexpm", "acca382113d0fd0f6c9f9a8edb3221dd7a5bbefeb51868b4e2b188b9c0f23962"},
  "membrane_tee_plugin": {:hex, :membrane_tee_plugin, "0.9.1", "87bc24629718a43dd8b5ba7b721c5d59da43b4e954ed86ca9d2b050095c94483", [:mix], [{:bunch, "~> 1.0", [hex: :bunch, repo: "hexpm", optional: false]}, {:membrane_core, "~> 0.10.0", [hex: :membrane_core, repo: "hexpm", optional: false]}], "hexpm", "0a27e8efd5414fbe3cd7d88d812905ba7030c82a5f0b5799ad5ddbc637ac7aeb"},
  "membrane_telemetry_metrics": {:hex, :membrane_telemetry_metrics, "0.1.0", "cb93d28356b436b0597736c3e4153738d82d2a14ff547f831df7e9051e54fc06", [:mix], [{:telemetry, "~> 1.0", [hex: :telemetry, repo: "hexpm", optional: false]}, {:telemetry_metrics, "~> 0.6.1", [hex: :telemetry_metrics, repo: "hexpm", optional: false]}], "hexpm", "aba28dc8311f70ced95d984509be930fac55857d2d18bffcf768815e627be3f0"},
  "membrane_vp8_format": {:hex, :membrane_vp8_format, "0.4.0", "6c29ec67479edfbab27b11266dc92f18f3baf4421262c5c31af348c33e5b92c7", [:mix], [], "hexpm", "8bb005ede61db8fcb3535a883f32168b251c2dfd1109197c8c3b39ce28ed08e2"},
  "membrane_webrtc_plugin": {:hex, :membrane_webrtc_plugin, "0.8.0-rc.1", "579b027bea79f2ed145a455ac14068b44b16986e812efa411afba363b051a991", [:mix], [{:bunch, "~> 1.3.0", [hex: :bunch, repo: "hexpm", optional: false]}, {:ex_libsrtp, "~> 0.4.0", [hex: :ex_libsrtp, repo: "hexpm", optional: false]}, {:ex_sdp, "~> 0.7.0", [hex: :ex_sdp, repo: "hexpm", optional: false]}, {:membrane_core, "~> 0.10.0", [hex: :membrane_core, repo: "hexpm", optional: false]}, {:membrane_funnel_plugin, "~> 0.6.0", [hex: :membrane_funnel_plugin, repo: "hexpm", optional: false]}, {:membrane_h264_ffmpeg_plugin, "~> 0.21.0", [hex: :membrane_h264_ffmpeg_plugin, repo: "hexpm", optional: false]}, {:membrane_ice_plugin, "~> 0.13.0", [hex: :membrane_ice_plugin, repo: "hexpm", optional: false]}, {:membrane_opentelemetry, "~> 0.1.0", [hex: :membrane_opentelemetry, repo: "hexpm", optional: false]}, {:membrane_rtp_format, "~> 0.5.0", [hex: :membrane_rtp_format, repo: "hexpm", optional: false]}, {:membrane_rtp_h264_plugin, "~> 0.13.0", [hex: :membrane_rtp_h264_plugin, repo: "hexpm", optional: false]}, {:membrane_rtp_opus_plugin, "~> 0.6.0", [hex: :membrane_rtp_opus_plugin, repo: "hexpm", optional: false]}, {:membrane_rtp_plugin, "~> 0.15.0-rc.1", [hex: :membrane_rtp_plugin, repo: "hexpm", optional: false]}, {:membrane_rtp_vp8_plugin, "~> 0.6.0", [hex: :membrane_rtp_vp8_plugin, repo: "hexpm", optional: false]}, {:opentelemetry, "~> 1.0", [hex: :opentelemetry, repo: "hexpm", optional: false]}, {:opentelemetry_api, "~> 1.0", [hex: :opentelemetry_api, repo: "hexpm", optional: false]}, {:qex, "~> 0.5.0", [hex: :qex, repo: "hexpm", optional: false]}], "hexpm", "83fec1069651d10828c823e982489366ed814894a88c82fbd2557ca6d81d9fd8"},
  "mime": {:hex, :mime, "2.0.3", "3676436d3d1f7b81b5a2d2bd8405f412c677558c81b1c92be58c00562bb59095", [:mix], [], "hexpm", "27a30bf0db44d25eecba73755acf4068cbfe26a4372f9eb3e4ea3a45956bff6b"},
  "numbers": {:hex, :numbers, "5.2.4", "f123d5bb7f6acc366f8f445e10a32bd403c8469bdbce8ce049e1f0972b607080", [:mix], [{:coerce, "~> 1.0", [hex: :coerce, repo: "hexpm", optional: false]}, {:decimal, "~> 1.9 or ~> 2.0", [hex: :decimal, repo: "hexpm", optional: true]}], "hexpm", "eeccf5c61d5f4922198395bf87a465b6f980b8b862dd22d28198c5e6fab38582"},
  "opentelemetry": {:hex, :opentelemetry, "1.0.5", "f0cd36ac8b30b68e8d70cec5bb88801ed7f3fe79aac67597054ed5490542e810", [:rebar3], [{:opentelemetry_api, "~> 1.0", [hex: :opentelemetry_api, repo: "hexpm", optional: false]}], "hexpm", "3b17f8933a58e1246f42a0c215840fd8218aebbcabdb0aac62b0c766fe85542e"},
  "opentelemetry_api": {:hex, :opentelemetry_api, "1.0.3", "77f9644c42340cd8b18c728cde4822ed55ae136f0d07761b78e8c54da46af93a", [:mix, :rebar3], [], "hexpm", "4293e06bd369bc004e6fad5edbb56456d891f14bd3f9f1772b18f1923e0678ea"},
  "p1_utils": {:hex, :p1_utils, "1.0.23", "7f94466ada69bd982ea7bb80fbca18e7053e7d0b82c9d9e37621fa508587069b", [:rebar3], [], "hexpm", "47f21618694eeee5006af1c88731ad86b757161e7823c29b6f73921b571c8502"},
  "phoenix": {:hex, :phoenix, "1.6.13", "5b3152907afdb8d3a6cdafb4b149e8aa7aabbf1422fd9f7ef4c2a67ead57d24a", [:mix], [{:castore, ">= 0.0.0", [hex: :castore, repo: "hexpm", optional: false]}, {:jason, "~> 1.0", [hex: :jason, repo: "hexpm", optional: true]}, {:phoenix_pubsub, "~> 2.0", [hex: :phoenix_pubsub, repo: "hexpm", optional: false]}, {:phoenix_view, "~> 1.0", [hex: :phoenix_view, repo: "hexpm", optional: false]}, {:plug, "~> 1.10", [hex: :plug, repo: "hexpm", optional: false]}, {:plug_cowboy, "~> 2.2", [hex: :plug_cowboy, repo: "hexpm", optional: true]}, {:plug_crypto, "~> 1.2", [hex: :plug_crypto, repo: "hexpm", optional: false]}, {:telemetry, "~> 0.4 or ~> 1.0", [hex: :telemetry, repo: "hexpm", optional: false]}], "hexpm", "13d8806c31176e2066da4df2d7443c144211305c506ed110ad4044335b90171d"},
  "phoenix_html": {:hex, :phoenix_html, "3.2.0", "1c1219d4b6cb22ac72f12f73dc5fad6c7563104d083f711c3fcd8551a1f4ae11", [:mix], [{:plug, "~> 1.5", [hex: :plug, repo: "hexpm", optional: true]}], "hexpm", "36ec97ba56d25c0136ef1992c37957e4246b649d620958a1f9fa86165f8bc54f"},
  "phoenix_live_dashboard": {:hex, :phoenix_live_dashboard, "0.7.0", "9b5ab242e52c33596b132beaf97dccb9e59f7af941f41a22d0fa2465d0b63ab1", [:mix], [{:ecto, "~> 3.6.2 or ~> 3.7", [hex: :ecto, repo: "hexpm", optional: true]}, {:ecto_mysql_extras, "~> 0.5", [hex: :ecto_mysql_extras, repo: "hexpm", optional: true]}, {:ecto_psql_extras, "~> 0.7", [hex: :ecto_psql_extras, repo: "hexpm", optional: true]}, {:mime, "~> 1.6 or ~> 2.0", [hex: :mime, repo: "hexpm", optional: false]}, {:phoenix_live_view, "~> 0.18.0", [hex: :phoenix_live_view, repo: "hexpm", optional: false]}, {:telemetry_metrics, "~> 0.6.0", [hex: :telemetry_metrics, repo: "hexpm", optional: false]}], "hexpm", "374d65e87e1e83528ea30852e34d4ad3022ddb92d642d43ec0b4e3c112046036"},
  "phoenix_live_view": {:hex, :phoenix_live_view, "0.18.1", "1e1703e26d0580dbd84e9b668e6da164a368f125dfa3d813c9a098da508e2a72", [:mix], [{:jason, "~> 1.0", [hex: :jason, repo: "hexpm", optional: true]}, {:phoenix, "~> 1.6 or ~> 1.7", [hex: :phoenix, repo: "hexpm", optional: false]}, {:phoenix_html, "~> 3.1", [hex: :phoenix_html, repo: "hexpm", optional: false]}, {:telemetry, "~> 0.4.2 or ~> 1.0", [hex: :telemetry, repo: "hexpm", optional: false]}], "hexpm", "b785e1cc13b05e6d9482d3ca1eedfb24e8113fd6421b47996ba16b9d20869706"},
  "phoenix_pubsub": {:hex, :phoenix_pubsub, "2.1.1", "ba04e489ef03763bf28a17eb2eaddc2c20c6d217e2150a61e3298b0f4c2012b5", [:mix], [], "hexpm", "81367c6d1eea5878ad726be80808eb5a787a23dee699f96e72b1109c57cdd8d9"},
  "phoenix_view": {:hex, :phoenix_view, "1.1.2", "1b82764a065fb41051637872c7bd07ed2fdb6f5c3bd89684d4dca6e10115c95a", [:mix], [{:phoenix_html, "~> 2.14.2 or ~> 3.0", [hex: :phoenix_html, repo: "hexpm", optional: true]}], "hexpm", "7ae90ad27b09091266f6adbb61e1d2516a7c3d7062c6789d46a7554ec40f3a56"},
  "plug": {:hex, :plug, "1.13.6", "187beb6b67c6cec50503e940f0434ea4692b19384d47e5fdfd701e93cadb4cc2", [:mix], [{:mime, "~> 1.0 or ~> 2.0", [hex: :mime, repo: "hexpm", optional: false]}, {:plug_crypto, "~> 1.1.1 or ~> 1.2", [hex: :plug_crypto, repo: "hexpm", optional: false]}, {:telemetry, "~> 0.4.3 or ~> 1.0", [hex: :telemetry, repo: "hexpm", optional: false]}], "hexpm", "02b9c6b9955bce92c829f31d6284bf53c591ca63c4fb9ff81dfd0418667a34ff"},
  "plug_cowboy": {:hex, :plug_cowboy, "2.5.2", "62894ccd601cf9597e2c23911ff12798a8a18d237e9739f58a6b04e4988899fe", [:mix], [{:cowboy, "~> 2.7", [hex: :cowboy, repo: "hexpm", optional: false]}, {:cowboy_telemetry, "~> 0.3", [hex: :cowboy_telemetry, repo: "hexpm", optional: false]}, {:plug, "~> 1.7", [hex: :plug, repo: "hexpm", optional: false]}], "hexpm", "ea6e87f774c8608d60c8d34022a7d073bd7680a0a013f049fc62bf35efea1044"},
  "plug_crypto": {:hex, :plug_crypto, "1.2.3", "8f77d13aeb32bfd9e654cb68f0af517b371fb34c56c9f2b58fe3df1235c1251a", [:mix], [], "hexpm", "b5672099c6ad5c202c45f5a403f21a3411247f164e4a8fab056e5cd8a290f4a2"},
  "qex": {:hex, :qex, "0.5.1", "0d82c0f008551d24fffb99d97f8299afcb8ea9cf99582b770bd004ed5af63fd6", [:mix], [], "hexpm", "935a39fdaf2445834b95951456559e9dc2063d0a055742c558a99987b38d6bab"},
  "ranch": {:hex, :ranch, "1.8.0", "8c7a100a139fd57f17327b6413e4167ac559fbc04ca7448e9be9057311597a1d", [:make, :rebar3], [], "hexpm", "49fbcfd3682fab1f5d109351b61257676da1a2fdbe295904176d5e521a2ddfe5"},
  "ratio": {:hex, :ratio, "2.4.2", "c8518f3536d49b1b00d88dd20d49f8b11abb7819638093314a6348139f14f9f9", [:mix], [{:decimal, "~> 1.6 or ~> 2.0", [hex: :decimal, repo: "hexpm", optional: true]}, {:numbers, "~> 5.2.0", [hex: :numbers, repo: "hexpm", optional: false]}], "hexpm", "441ef6f73172a3503de65ccf1769030997b0d533b1039422f1e5e0e0b4cbf89e"},
  "secure_random": {:hex, :secure_random, "0.5.1", "c5532b37c89d175c328f5196a0c2a5680b15ebce3e654da37129a9fe40ebf51b", [:mix], [], "hexpm", "1b9754f15e3940a143baafd19da12293f100044df69ea12db5d72878312ae6ab"},
  "shmex": {:hex, :shmex, "0.5.0", "7dc4fb1a8bd851085a652605d690bdd070628717864b442f53d3447326bcd3e8", [:mix], [{:bunch_native, "~> 0.5.0", [hex: :bunch_native, repo: "hexpm", optional: false]}, {:bundlex, "~> 1.0", [hex: :bundlex, repo: "hexpm", optional: false]}], "hexpm", "b67bb1e22734758397c84458dbb746519e28eac210423c267c7248e59fc97bdc"},
  "telemetry": {:hex, :telemetry, "1.1.0", "a589817034a27eab11144ad24d5c0f9fab1f58173274b1e9bae7074af9cbee51", [:rebar3], [], "hexpm", "b727b2a1f75614774cff2d7565b64d0dfa5bd52ba517f16543e6fc7efcc0df48"},
  "telemetry_metrics": {:hex, :telemetry_metrics, "0.6.1", "315d9163a1d4660aedc3fee73f33f1d355dcc76c5c3ab3d59e76e3edf80eef1f", [:mix], [{:telemetry, "~> 0.4 or ~> 1.0", [hex: :telemetry, repo: "hexpm", optional: false]}], "hexpm", "7be9e0871c41732c233be71e4be11b96e56177bf15dde64a8ac9ce72ac9834c6"},
  "telemetry_poller": {:hex, :telemetry_poller, "1.0.0", "db91bb424e07f2bb6e73926fcafbfcbcb295f0193e0a00e825e589a0a47e8453", [:rebar3], [{:telemetry, "~> 1.0", [hex: :telemetry, repo: "hexpm", optional: false]}], "hexpm", "b3a24eafd66c3f42da30fc3ca7dda1e9d546c12250a2d60d7b81d264fbec4f6e"},
  "unifex": {:hex, :unifex, "1.0.1", "c8ebda892901e2fdb262a0ff95f4157fd5575709965b88a6415e43b527adcc0c", [:mix], [{:bunch, "~> 1.0", [hex: :bunch, repo: "hexpm", optional: false]}, {:bundlex, "~> 1.0", [hex: :bundlex, repo: "hexpm", optional: false]}, {:shmex, "~> 0.5.0", [hex: :shmex, repo: "hexpm", optional: false]}], "hexpm", "4b5217c06f5f8f82215d2edf077e40f7d4d0ee30c456b19f2eb99bfb484c558d"},
  "uuid": {:hex, :uuid, "1.1.8", "e22fc04499de0de3ed1116b770c7737779f226ceefa0badb3592e64d5cfb4eb9", [:mix], [], "hexpm", "c790593b4c3b601f5dc2378baae7efaf5b3d73c4c6456ba85759905be792f2ac"},
}
